
Microsoft Visual Studio Solution File, Format Version 12.00
# Visual Studio Version 17
VisualStudioVersion = 17.4.33205.214
MinimumVisualStudioVersion = 10.0.40219.1
Project("{FAE04EC0-301F-11D3-BF4B-00C04F79EFBC}") = "RetoBridge", "RetoBridge\RetoBridge.csproj", "{A401480C-86BF-4723-89C5-86D5F869A87E}"
EndProject
Global
	GlobalSection(SolutionConfigurationPlatforms) = preSolution
		Debug|Any CPU = Debug|Any CPU
		Release|Any CPU = Release|Any CPU
	EndGlobalSection
	GlobalSection(ProjectConfigurationPlatforms) = postSolution
		{A401480C-86BF-4723-89C5-86D5F869A87E}.Debug|Any CPU.ActiveCfg = Debug|Any CPU
		{A401480C-86BF-4723-89C5-86D5F869A87E}.Debug|Any CPU.Build.0 = Debug|Any CPU
		{A401480C-86BF-4723-89C5-86D5F869A87E}.Release|Any CPU.ActiveCfg = Release|Any CPU
		{A401480C-86BF-4723-89C5-86D5F869A87E}.Release|Any CPU.Build.0 = Release|Any CPU
	EndGlobalSection
	GlobalSection(SolutionProperties) = preSolution
		HideSolutionNode = FALSE
	EndGlobalSection
	GlobalSection(ExtensibilityGlobals) = postSolution
		SolutionGuid = {C3BD5E6A-0218-435B-BB90-5A777005EB6D}
	EndGlobalSection
EndGlobal
